{
  "name": "vue-webpack-cli",
  "version": "1.0.0",
  "lockfileVersion": 1,
  "requires": true,
  "dependencies": {
    "ansi-regex": {
      "version": "2.1.1",
      "resolved": "http://npm.gomefe.com/ansi-regex/-/ansi-regex-2.1.1.tgz",
      "integrity": "sha1-w7M6te42DYbg5ijwRorn7yfWVN8=",
      "dev": true
    },
    "ansi-styles": {
      "version": "2.2.1",
      "resolved": "http://npm.gomefe.com/ansi-styles/-/ansi-styles-2.2.1.tgz",
      "integrity": "sha1-tDLdM1i2NM914eRmQ2gkBTPB3b4=",
      "dev": true
    },
    "arrify": {
      "version": "1.0.1",
      "resolved": "http://npm.gomefe.com/arrify/-/arrify-1.0.1.tgz",
      "integrity": "sha1-iYUI2iIm84DfkEcoRWhJwVAaSw0=",
      "dev": true
    },
    "babel-code-frame": {
      "version": "6.26.0",
      "resolved": "http://npm.gomefe.com/babel-code-frame/-/babel-code-frame-6.26.0.tgz",
      "integrity": "sha1-Y/1D99weO7fONZR9uP42mj9Yx0s=",
      "dev": true,
      "requires": {
        "chalk": "1.1.3",
        "esutils": "2.0.2",
        "js-tokens": "3.0.2"
      }
    },
    "babel-generator": {
      "version": "6.26.1",
      "resolved": "http://npm.gomefe.com/babel-generator/-/babel-generator-6.26.1.tgz",
      "integrity": "sha1-GERAjTuPDTWkBOp6wYDwh6YBvZA=",
      "dev": true,
      "requires": {
        "babel-messages": "6.23.0",
        "babel-runtime": "6.26.0",
        "babel-types": "6.26.0",
        "detect-indent": "4.0.0",
        "jsesc": "1.3.0",
        "lodash": "4.17.10",
        "source-map": "0.5.7",
        "trim-right": "1.0.1"
      }
    },
    "babel-messages": {
      "version": "6.23.0",
      "resolved": "http://npm.gomefe.com/babel-messages/-/babel-messages-6.23.0.tgz",
      "integrity": "sha1-8830cDhYA1sqKVHG7F7fbGLyYw4=",
      "dev": true,
      "requires": {
        "babel-runtime": "6.26.0"
      }
    },
    "babel-plugin-syntax-object-rest-spread": {
      "version": "6.13.0",
      "resolved": "http://npm.gomefe.com/babel-plugin-syntax-object-rest-spread/-/babel-plugin-syntax-object-rest-spread-6.13.0.tgz",
      "integrity": "sha1-/WU28rzhODb/o6VFjEkDpZe7O/U=",
      "dev": true
    },
    "babel-runtime": {
      "version": "6.26.0",
      "resolved": "http://npm.gomefe.com/babel-runtime/-/babel-runtime-6.26.0.tgz",
      "integrity": "sha1-llxwWGaOgrVde/4E/yM3vItWR/4=",
      "dev": true,
      "requires": {
        "core-js": "2.5.7",
        "regenerator-runtime": "0.11.1"
      }
    },
    "babel-template": {
      "version": "6.26.0",
      "resolved": "http://npm.gomefe.com/babel-template/-/babel-template-6.26.0.tgz",
      "integrity": "sha1-3gPi0WOWsGn0bdn/+FIfsaDjXgI=",
      "dev": true,
      "requires": {
        "babel-runtime": "6.26.0",
        "babel-traverse": "6.26.0",
        "babel-types": "6.26.0",
        "babylon": "6.18.0",
        "lodash": "4.17.10"
      }
    },
    "babel-traverse": {
      "version": "6.26.0",
      "resolved": "http://npm.gomefe.com/babel-traverse/-/babel-traverse-6.26.0.tgz",
      "integrity": "sha1-RqnL1+3MYsjlwGTi0tjQ9ANXZu4=",
      "dev": true,
      "requires": {
        "babel-code-frame": "6.26.0",
        "babel-messages": "6.23.0",
        "babel-runtime": "6.26.0",
        "babel-types": "6.26.0",
        "babylon": "6.18.0",
        "debug": "2.6.9",
        "globals": "9.18.0",
        "invariant": "2.2.4",
        "lodash": "4.17.10"
      }
    },
    "babel-types": {
      "version": "6.26.0",
      "resolved": "http://npm.gomefe.com/babel-types/-/babel-types-6.26.0.tgz",
      "integrity": "sha1-o7Bz+Uq0nrb6Vc1lInozQ4BjJJc=",
      "dev": true,
      "requires": {
        "babel-runtime": "6.26.0",
        "esutils": "2.0.2",
        "lodash": "4.17.10",
        "to-fast-properties": "1.0.3"
      }
    },
    "babylon": {
      "version": "6.18.0",
      "resolved": "http://npm.gomefe.com/babylon/-/babylon-6.18.0.tgz",
      "integrity": "sha1-ry87iPpvXB5MY00aD46sT1WzleM=",
      "dev": true
    },
    "balanced-match": {
      "version": "1.0.0",
      "resolved": "http://npm.gomefe.com/balanced-match/-/balanced-match-1.0.0.tgz",
      "integrity": "sha1-ibTRmasr7kneFk6gK4nORi1xt2c=",
      "dev": true
    },
    "brace-expansion": {
      "version": "1.1.11",
      "resolved": "http://npm.gomefe.com/brace-expansion/-/brace-expansion-1.1.11.tgz",
      "integrity": "sha1-PH/L9SnYcibz0vUrlm/1Jx60Qd0=",
      "dev": true,
      "requires": {
        "balanced-match": "1.0.0",
        "concat-map": "0.0.1"
      }
    },
    "builtin-modules": {
      "version": "1.1.1",
      "resolved": "http://npm.gomefe.com/builtin-modules/-/builtin-modules-1.1.1.tgz",
      "integrity": "sha1-Jw8HbFpywC9bZaR9+Uxf46J4iS8=",
      "dev": true
    },
    "chalk": {
      "version": "1.1.3",
      "resolved": "http://npm.gomefe.com/chalk/-/chalk-1.1.3.tgz",
      "integrity": "sha1-qBFcVeSnAv5NFQq9OHKCKn4J/Jg=",
      "dev": true,
      "requires": {
        "ansi-styles": "2.2.1",
        "escape-string-regexp": "1.0.5",
        "has-ansi": "2.0.0",
        "strip-ansi": "3.0.1",
        "supports-color": "2.0.0"
      }
    },
    "concat-map": {
      "version": "0.0.1",
      "resolved": "http://npm.gomefe.com/concat-map/-/concat-map-0.0.1.tgz",
      "integrity": "sha1-2Klr13/Wjfd5OnMDajug1UBdR3s=",
      "dev": true
    },
    "core-js": {
      "version": "2.5.7",
      "resolved": "http://npm.gomefe.com/core-js/-/core-js-2.5.7.tgz",
      "integrity": "sha1-+XJgj/DOrWi4QaFqky0LGDeRgU4=",
      "dev": true
    },
    "debug": {
      "version": "2.6.9",
      "resolved": "http://npm.gomefe.com/debug/-/debug-2.6.9.tgz",
      "integrity": "sha1-XRKFFd8TT/Mn6QpMk/Tgd6U2NB8=",
      "dev": true,
      "requires": {
        "ms": "2.0.0"
      }
    },
    "detect-indent": {
      "version": "4.0.0",
      "resolved": "http://npm.gomefe.com/detect-indent/-/detect-indent-4.0.0.tgz",
      "integrity": "sha1-920GQ1LN9Docts5hnE7jqUdd4gg=",
      "dev": true,
      "requires": {
        "repeating": "2.0.1"
      }
    },
    "error-ex": {
      "version": "1.3.2",
      "resolved": "http://npm.gomefe.com/error-ex/-/error-ex-1.3.2.tgz",
      "integrity": "sha1-tKxAZIEH/c3PriQvQovqihTU8b8=",
      "dev": true,
      "requires": {
        "is-arrayish": "0.2.1"
      }
    },
    "escape-string-regexp": {
      "version": "1.0.5",
      "resolved": "http://npm.gomefe.com/escape-string-regexp/-/escape-string-regexp-1.0.5.tgz",
      "integrity": "sha1-G2HAViGQqN/2rjuyzwIAyhMLhtQ=",
      "dev": true
    },
    "esutils": {
      "version": "2.0.2",
      "resolved": "http://npm.gomefe.com/esutils/-/esutils-2.0.2.tgz",
      "integrity": "sha1-Cr9PHKpbyx96nYrMbepPqqBLrJs=",
      "dev": true
    },
    "find-up": {
      "version": "2.1.0",
      "resolved": "http://npm.gomefe.com/find-up/-/find-up-2.1.0.tgz",
      "integrity": "sha1-RdG35QbHF93UgndaK3eSCjwMV6c=",
      "dev": true,
      "requires": {
        "locate-path": "2.0.0"
      }
    },
    "globals": {
      "version": "9.18.0",
      "resolved": "http://npm.gomefe.com/globals/-/globals-9.18.0.tgz",
      "integrity": "sha1-qjiWs+abSH8X4x7SFD1pqOMMLYo=",
      "dev": true
    },
    "gome-ui-kit": {
      "version": "1.2.23",
      "resolved": "http://npm.gomefe.com/gome-ui-kit/-/gome-ui-kit-1.2.23.tgz",
      "integrity": "sha512-Buxa+FVEvK0HgrD9swxy1s4bnvomAUpVVPnO1koxLeiXB5Urd51OmKnOlUxXN10f3fZTHdp8QL0bELuW29X6Cw==",
      "dev": true,
      "requires": {
        "babel-plugin-istanbul": "4.1.6"
      },
      "dependencies": {
        "babel-plugin-istanbul": {
          "version": "4.1.6",
          "resolved": "http://npm.gomefe.com/babel-plugin-istanbul/-/babel-plugin-istanbul-4.1.6.tgz",
          "integrity": "sha1-NsWbIZLvzoHFs3gyG3QXWt0cmkU=",
          "dev": true,
          "requires": {
            "babel-plugin-syntax-object-rest-spread": "6.13.0",
            "find-up": "2.1.0",
            "istanbul-lib-instrument": "1.10.1",
            "test-exclude": "4.2.2"
          }
        }
      }
    },
    "graceful-fs": {
      "version": "4.1.11",
      "resolved": "http://npm.gomefe.com/graceful-fs/-/graceful-fs-4.1.11.tgz",
      "integrity": "sha1-Dovf5NHduIVNZOBOp8AOKgJuVlg=",
      "dev": true
    },
    "has-ansi": {
      "version": "2.0.0",
      "resolved": "http://npm.gomefe.com/has-ansi/-/has-ansi-2.0.0.tgz",
      "integrity": "sha1-NPUEnOHs3ysGSa8+8k5F7TVBbZE=",
      "dev": true,
      "requires": {
        "ansi-regex": "2.1.1"
      }
    },
    "hosted-git-info": {
      "version": "2.7.1",
      "resolved": "http://npm.gomefe.com/hosted-git-info/-/hosted-git-info-2.7.1.tgz",
      "integrity": "sha1-l/I2l3vW4SVAiTD/bePuxigewEc=",
      "dev": true
    },
    "invariant": {
      "version": "2.2.4",
      "resolved": "http://npm.gomefe.com/invariant/-/invariant-2.2.4.tgz",
      "integrity": "sha1-YQ88ksk1nOHbYW5TgAjSP/NRWOY=",
      "dev": true,
      "requires": {
        "loose-envify": "1.4.0"
      }
    },
    "is-arrayish": {
      "version": "0.2.1",
      "resolved": "http://npm.gomefe.com/is-arrayish/-/is-arrayish-0.2.1.tgz",
      "integrity": "sha1-d8mYQFJ6qOyxqLppe4BkWnqSap0=",
      "dev": true
    },
    "is-builtin-module": {
      "version": "1.0.0",
      "resolved": "http://npm.gomefe.com/is-builtin-module/-/is-builtin-module-1.0.0.tgz",
      "integrity": "sha1-VAVy0096wxGfj3bDDLwbHgN6/74=",
      "dev": true,
      "requires": {
        "builtin-modules": "1.1.1"
      }
    },
    "is-finite": {
      "version": "1.0.2",
      "resolved": "http://npm.gomefe.com/is-finite/-/is-finite-1.0.2.tgz",
      "integrity": "sha1-zGZ3aVYCvlUO8R6LSqYwU0K20Ko=",
      "dev": true,
      "requires": {
        "number-is-nan": "1.0.1"
      }
    },
    "istanbul-lib-coverage": {
      "version": "1.2.0",
      "resolved": "http://npm.gomefe.com/istanbul-lib-coverage/-/istanbul-lib-coverage-1.2.0.tgz",
      "integrity": "sha1-99jy5CuX43/nlhFMsPnWi146Q0E=",
      "dev": true
    },
    "istanbul-lib-instrument": {
      "version": "1.10.1",
      "resolved": "http://npm.gomefe.com/istanbul-lib-instrument/-/istanbul-lib-instrument-1.10.1.tgz",
      "integrity": "sha1-cktLbKzrqGktPx+dByfiecQBr3s=",
      "dev": true,
      "requires": {
        "babel-generator": "6.26.1",
        "babel-template": "6.26.0",
        "babel-traverse": "6.26.0",
        "babel-types": "6.26.0",
        "babylon": "6.18.0",
        "istanbul-lib-coverage": "1.2.0",
        "semver": "5.5.1"
      }
    },
    "js-tokens": {
      "version": "3.0.2",
      "resolved": "http://npm.gomefe.com/js-tokens/-/js-tokens-3.0.2.tgz",
      "integrity": "sha1-mGbfOVECEw449/mWvOtlRDIJwls=",
      "dev": true
    },
    "jsesc": {
      "version": "1.3.0",
      "resolved": "http://npm.gomefe.com/jsesc/-/jsesc-1.3.0.tgz",
      "integrity": "sha1-RsP+yMGJKxKwgz25vHYiF226s0s=",
      "dev": true
    },
    "json-parse-better-errors": {
      "version": "1.0.2",
      "resolved": "http://npm.gomefe.com/json-parse-better-errors/-/json-parse-better-errors-1.0.2.tgz",
      "integrity": "sha1-u4Z8+zRQ5pEHwTHRxRS6s9yLyqk=",
      "dev": true
    },
    "load-json-file": {
      "version": "4.0.0",
      "resolved": "http://npm.gomefe.com/load-json-file/-/load-json-file-4.0.0.tgz",
      "integrity": "sha1-L19Fq5HjMhYjT9U62rZo607AmTs=",
      "dev": true,
      "requires": {
        "graceful-fs": "4.1.11",
        "parse-json": "4.0.0",
        "pify": "3.0.0",
        "strip-bom": "3.0.0"
      }
    },
    "locate-path": {
      "version": "2.0.0",
      "resolved": "http://npm.gomefe.com/locate-path/-/locate-path-2.0.0.tgz",
      "integrity": "sha1-K1aLJl7slExtnA3pw9u7ygNUzY4=",
      "dev": true,
      "requires": {
        "p-locate": "2.0.0",
        "path-exists": "3.0.0"
      }
    },
    "lodash": {
      "version": "4.17.10",
      "resolved": "http://npm.gomefe.com/lodash/-/lodash-4.17.10.tgz",
      "integrity": "sha1-G3eTz3JZ6jj7NmHU04syYK+K5Oc=",
      "dev": true
    },
    "loose-envify": {
      "version": "1.4.0",
      "resolved": "http://npm.gomefe.com/loose-envify/-/loose-envify-1.4.0.tgz",
      "integrity": "sha1-ce5R+nvkyuwaY4OffmgtgTLTDK8=",
      "dev": true,
      "requires": {
        "js-tokens": "3.0.2"
      }
    },
    "minimatch": {
      "version": "3.0.4",
      "resolved": "http://npm.gomefe.com/minimatch/-/minimatch-3.0.4.tgz",
      "integrity": "sha1-UWbihkV/AzBgZL5Ul+jbsMPTIIM=",
      "dev": true,
      "requires": {
        "brace-expansion": "1.1.11"
      }
    },
    "ms": {
      "version": "2.0.0",
      "resolved": "http://npm.gomefe.com/ms/-/ms-2.0.0.tgz",
      "integrity": "sha1-VgiurfwAvmwpAd9fmGF4jeDVl8g=",
      "dev": true
    },
    "normalize-package-data": {
      "version": "2.4.0",
      "resolved": "http://npm.gomefe.com/normalize-package-data/-/normalize-package-data-2.4.0.tgz",
      "integrity": "sha1-EvlaMH1YNSB1oEkHuErIvpisAS8=",
      "dev": true,
      "requires": {
        "hosted-git-info": "2.7.1",
        "is-builtin-module": "1.0.0",
        "semver": "5.5.1",
        "validate-npm-package-license": "3.0.4"
      }
    },
    "number-is-nan": {
      "version": "1.0.1",
      "resolved": "http://npm.gomefe.com/number-is-nan/-/number-is-nan-1.0.1.tgz",
      "integrity": "sha1-CXtgK1NCKlIsGvuHkDGDNpQaAR0=",
      "dev": true
    },
    "p-limit": {
      "version": "1.3.0",
      "resolved": "http://npm.gomefe.com/p-limit/-/p-limit-1.3.0.tgz",
      "integrity": "sha1-uGvV8MJWkJEcdZD8v8IBDVSzzLg=",
      "dev": true,
      "requires": {
        "p-try": "1.0.0"
      }
    },
    "p-locate": {
      "version": "2.0.0",
      "resolved": "http://npm.gomefe.com/p-locate/-/p-locate-2.0.0.tgz",
      "integrity": "sha1-IKAQOyIqcMj9OcwuWAaA893l7EM=",
      "dev": true,
      "requires": {
        "p-limit": "1.3.0"
      }
    },
    "p-try": {
      "version": "1.0.0",
      "resolved": "http://npm.gomefe.com/p-try/-/p-try-1.0.0.tgz",
      "integrity": "sha1-y8ec26+P1CKOE/Yh8rGiN8GyB7M=",
      "dev": true
    },
    "parse-json": {
      "version": "4.0.0",
      "resolved": "http://npm.gomefe.com/parse-json/-/parse-json-4.0.0.tgz",
      "integrity": "sha1-vjX1Qlvh9/bHRxhPmKeIy5lHfuA=",
      "dev": true,
      "requires": {
        "error-ex": "1.3.2",
        "json-parse-better-errors": "1.0.2"
      }
    },
    "path-exists": {
      "version": "3.0.0",
      "resolved": "http://npm.gomefe.com/path-exists/-/path-exists-3.0.0.tgz",
      "integrity": "sha1-zg6+ql94yxiSXqfYENe1mwEP1RU=",
      "dev": true
    },
    "path-type": {
      "version": "3.0.0",
      "resolved": "http://npm.gomefe.com/path-type/-/path-type-3.0.0.tgz",
      "integrity": "sha1-zvMdyOCho7sNEFwM2Xzzv0f0428=",
      "dev": true,
      "requires": {
        "pify": "3.0.0"
      }
    },
    "pify": {
      "version": "3.0.0",
      "resolved": "http://npm.gomefe.com/pify/-/pify-3.0.0.tgz",
      "integrity": "sha1-5aSs0sEB/fPZpNB/DbxNtJ3SgXY=",
      "dev": true
    },
    "read-pkg": {
      "version": "3.0.0",
      "resolved": "http://npm.gomefe.com/read-pkg/-/read-pkg-3.0.0.tgz",
      "integrity": "sha1-nLxoaXj+5l0WwA4rGcI3/Pbjg4k=",
      "dev": true,
      "requires": {
        "load-json-file": "4.0.0",
        "normalize-package-data": "2.4.0",
        "path-type": "3.0.0"
      }
    },
    "read-pkg-up": {
      "version": "3.0.0",
      "resolved": "http://npm.gomefe.com/read-pkg-up/-/read-pkg-up-3.0.0.tgz",
      "integrity": "sha1-PtSWaF26D4/hGNBpHcUfSh/5bwc=",
      "dev": true,
      "requires": {
        "find-up": "2.1.0",
        "read-pkg": "3.0.0"
      }
    },
    "regenerator-runtime": {
      "version": "0.11.1",
      "resolved": "http://npm.gomefe.com/regenerator-runtime/-/regenerator-runtime-0.11.1.tgz",
      "integrity": "sha1-vgWtf5v30i4Fb5cmzuUBf78Z4uk=",
      "dev": true
    },
    "repeating": {
      "version": "2.0.1",
      "resolved": "http://npm.gomefe.com/repeating/-/repeating-2.0.1.tgz",
      "integrity": "sha1-UhTFOpJtNVJwdSf7q0FdvAjQbdo=",
      "dev": true,
      "requires": {
        "is-finite": "1.0.2"
      }
    },
    "require-main-filename": {
      "version": "1.0.1",
      "resolved": "http://npm.gomefe.com/require-main-filename/-/require-main-filename-1.0.1.tgz",
      "integrity": "sha1-l/cXtp1IeE9fUmpsWqj/3aBVpNE=",
      "dev": true
    },
    "semver": {
      "version": "5.5.1",
      "resolved": "http://npm.gomefe.com/semver/-/semver-5.5.1.tgz",
      "integrity": "sha1-ff3YgUvbfKvHvg+x1zTPtmyUBHc=",
      "dev": true
    },
    "source-map": {
      "version": "0.5.7",
      "resolved": "http://npm.gomefe.com/source-map/-/source-map-0.5.7.tgz",
      "integrity": "sha1-igOdLRAh0i0eoUyA2OpGi6LvP8w=",
      "dev": true
    },
    "spdx-correct": {
      "version": "3.0.0",
      "resolved": "http://npm.gomefe.com/spdx-correct/-/spdx-correct-3.0.0.tgz",
      "integrity": "sha1-BaW01xU6GVvJLDxCW2nzsqlSTII=",
      "dev": true,
      "requires": {
        "spdx-expression-parse": "3.0.0",
        "spdx-license-ids": "3.0.0"
      }
    },
    "spdx-exceptions": {
      "version": "2.1.0",
      "resolved": "http://npm.gomefe.com/spdx-exceptions/-/spdx-exceptions-2.1.0.tgz",
      "integrity": "sha1-LHrmEFbHFKW5ubKyr30xHvXHj+k=",
      "dev": true
    },
    "spdx-expression-parse": {
      "version": "3.0.0",
      "resolved": "http://npm.gomefe.com/spdx-expression-parse/-/spdx-expression-parse-3.0.0.tgz",
      "integrity": "sha1-meEZt6XaAOBUkcn6M4t5BII7QdA=",
      "dev": true,
      "requires": {
        "spdx-exceptions": "2.1.0",
        "spdx-license-ids": "3.0.0"
      }
    },
    "spdx-license-ids": {
      "version": "3.0.0",
      "resolved": "http://npm.gomefe.com/spdx-license-ids/-/spdx-license-ids-3.0.0.tgz",
      "integrity": "sha1-enzShHDMbToc/m1miG9rxDDTrIc=",
      "dev": true
    },
    "strip-ansi": {
      "version": "3.0.1",
      "resolved": "http://npm.gomefe.com/strip-ansi/-/strip-ansi-3.0.1.tgz",
      "integrity": "sha1-ajhfuIU9lS1f8F0Oiq+UJ43GPc8=",
      "dev": true,
      "requires": {
        "ansi-regex": "2.1.1"
      }
    },
    "strip-bom": {
      "version": "3.0.0",
      "resolved": "http://npm.gomefe.com/strip-bom/-/strip-bom-3.0.0.tgz",
      "integrity": "sha1-IzTBjpx1n3vdVv3vfprj1YjmjtM=",
      "dev": true
    },
    "supports-color": {
      "version": "2.0.0",
      "resolved": "http://npm.gomefe.com/supports-color/-/supports-color-2.0.0.tgz",
      "integrity": "sha1-U10EXOa2Nj+kARcIRimZXp3zJMc=",
      "dev": true
    },
    "test-exclude": {
      "version": "4.2.2",
      "resolved": "http://npm.gomefe.com/test-exclude/-/test-exclude-4.2.2.tgz",
      "integrity": "sha1-i2eqhAj4SvwiWwZmniXFEPhYKCA=",
      "dev": true,
      "requires": {
        "arrify": "1.0.1",
        "minimatch": "3.0.4",
        "read-pkg-up": "3.0.0",
        "require-main-filename": "1.0.1"
      }
    },
    "to-fast-properties": {
      "version": "1.0.3",
      "resolved": "http://npm.gomefe.com/to-fast-properties/-/to-fast-properties-1.0.3.tgz",
      "integrity": "sha1-uDVx+k2MJbguIxsG46MFXeTKGkc=",
      "dev": true
    },
    "trim-right": {
      "version": "1.0.1",
      "resolved": "http://npm.gomefe.com/trim-right/-/trim-right-1.0.1.tgz",
      "integrity": "sha1-yy4SAwZ+DI3h9hQJS5/kVwTqYAM=",
      "dev": true
    },
    "validate-npm-package-license": {
      "version": "3.0.4",
      "resolved": "http://npm.gomefe.com/validate-npm-package-license/-/validate-npm-package-license-3.0.4.tgz",
      "integrity": "sha1-/JH2uce6FchX9MssXe/uw51PQQo=",
      "dev": true,
      "requires": {
        "spdx-correct": "3.0.0",
        "spdx-expression-parse": "3.0.0"
      }
    }
  }
}
